
Microsoft Visual Studio Solution File, Format Version 12.00
# Visual Studio Version 17
VisualStudioVersion = 17.8.34511.84
MinimumVisualStudioVersion = 10.0.40219.1
Project("{FAE04EC0-301F-11D3-BF4B-00C04F79EFBC}") = "examen_pf", "examen_pf\examen_pf.csproj", "{50988A86-FCD4-410D-B1B0-F6105BE21E9E}"
EndProject
Global
	GlobalSection(SolutionConfigurationPlatforms) = preSolution
		Debug|Any CPU = Debug|Any CPU
		Release|Any CPU = Release|Any CPU
	EndGlobalSection
	GlobalSection(ProjectConfigurationPlatforms) = postSolution
		{50988A86-FCD4-410D-B1B0-F6105BE21E9E}.Debug|Any CPU.ActiveCfg = Debug|Any CPU
		{50988A86-FCD4-410D-B1B0-F6105BE21E9E}.Debug|Any CPU.Build.0 = Debug|Any CPU
		{50988A86-FCD4-410D-B1B0-F6105BE21E9E}.Release|Any CPU.ActiveCfg = Release|Any CPU
		{50988A86-FCD4-410D-B1B0-F6105BE21E9E}.Release|Any CPU.Build.0 = Release|Any CPU
	EndGlobalSection
	GlobalSection(SolutionProperties) = preSolution
		HideSolutionNode = FALSE
	EndGlobalSection
	GlobalSection(ExtensibilityGlobals) = postSolution
		SolutionGuid = {157DAA65-6949-427D-BC55-A1D97AC88BF7}
	EndGlobalSection
EndGlobal
